// !$*UTF8*$!
{
	archiveVersion = 1;
	classes = {
	};
	objectVersion = 46;
	objects = {

/* Begin PBXBuildFile section */
		9458EC271EC388AF00D378F5 /* AppDelegate.swift in Sources */ = {isa = PBXBuildFile; fileRef = 9458EC261EC388AF00D378F5 /* AppDelegate.swift */; };
		9458EC291EC388AF00D378F5 /* ViewController.swift in Sources */ = {isa = PBXBuildFile; fileRef = 9458EC281EC388AF00D378F5 /* ViewController.swift */; };
		9458EC2C1EC388AF00D378F5 /* Main.storyboard in Resources */ = {isa = PBXBuildFile; fileRef = 9458EC2A1EC388AF00D378F5 /* Main.storyboard */; };
		9458EC2E1EC388AF00D378F5 /* Assets.xcassets in Resources */ = {isa = PBXBuildFile; fileRef = 9458EC2D1EC388AF00D378F5 /* Assets.xcassets */; };
		9458EC311EC388AF00D378F5 /* LaunchScreen.storyboard in Resources */ = {isa = PBXBuildFile; fileRef = 9458EC2F1EC388AF00D378F5 /* LaunchScreen.storyboard */; };
/* End PBXBuildFile section */

/* Begin PBXFileReference section */
		9458EC231EC388AF00D378F5 /* memeView.app */ = {isa = PBXFileReference; explicitFileType = wrapper.application; includeInIndex = 0; path = memeView.app; sourceTree = BUILT_PRODUCTS_DIR; };
		9458EC261EC388AF00D378F5 /* AppDelegate.swift */ = {isa = PBXFileReference; lastKnownFileType = sourcecode.swift; path = AppDelegate.swift; sourceTree = "<group>"; };
		9458EC281EC388AF00D378F5 /* ViewController.swift */ = {isa = PBXFileReference; lastKnownFileType = sourcecode.swift; path = ViewController.swift; sourceTree = "<group>"; };
		9458EC2B1EC388AF00D378F5 /* Base */ = {isa = PBXFileReference; lastKnownFileType = file.storyboard; name = Base; path = Base.lproj/Main.storyboard; sourceTree = "<group>"; };
		9458EC2D1EC388AF00D378F5 /* Assets.xcassets */ = {isa = PBXFileReference; lastKnownFileType = folder.assetcatalog; path = Assets.xcassets; sourceTree = "<group>"; };
		9458EC301EC388AF00D378F5 /* Base */ = {isa = PBXFileReference; lastKnownFileType = file.storyboard; name = Base; path = Base.lproj/LaunchScreen.storyboard; sourceTree = "<group>"; };
		9458EC321EC388AF00D378F5 /* Info.plist */ = {isa = PBXFileReference; lastKnownFileType = text.plist.xml; path = Info.plist; sourceTree = "<group>"; };
/* End PBXFileReference section */

/* Begin PBXFrameworksBuildPhase section */
		9458EC201EC388AF00D378F5 /* Frameworks */ = {
			isa = PBXFrameworksBuildPhase;
			buildActionMask = 2147483647;
			files = (
			);
			runOnlyForDeploymentPostprocessing = 0;
		};
/* End PBXFrameworksBuildPhase section */

/* Begin PBXGroup section */
		9458EC1A1EC388AE00D378F5 = {
			isa = PBXGroup;
			children = (
				9458EC251EC388AF00D378F5 /* memeView */,
				9458EC241EC388AF00D378F5 /* Products */,
			);
			sourceTree = "<group>";
		};
		9458EC241EC388AF00D378F5 /* Products */ = {
			isa = PBXGroup;
			children = (
				9458EC231EC388AF00D378F5 /* memeView.app */,
			);
			name = Products;
			sourceTree = "<group>";
		};
		9458EC251EC388AF00D378F5 /* memeView */ = {
			isa = PBXGroup;
			children = (
				9458EC261EC388AF00D378F5 /* AppDelegate.swift */,
				9458EC281EC388AF00D378F5 /* ViewController.swift */,
				9458EC2A1EC388AF00D378F5 /* Main.storyboard */,
				9458EC2D1EC388AF00D378F5 /* Assets.xcassets */,
				9458EC2F1EC388AF00D378F5 /* LaunchScreen.storyboard */,
				9458EC321EC388AF00D378F5 /* Info.plist */,
			);
			path = memeView;
			sourceTree = "<group>";
		};
/* End PBXGroup section */

/* Begin PBXNativeTarget section */
		9458EC221EC388AF00D378F5 /* memeView */ = {
			isa = PBXNativeTarget;
			buildConfigurationList = 9458EC351EC388AF00D378F5 /* Build configuration list for PBXNativeTarget "memeView" */;
			buildPhases = (
				9458EC1F1EC388AF00D378F5 /* Sources */,
				9458EC201EC388AF00D378F5 /* Frameworks */,
				9458EC211EC388AF00D378F5 /* Resources */,
			);
			buildRules = (
			);
			dependencies = (
			);
			name = memeView;
			productName = memeView;
			productReference = 9458EC231EC388AF00D378F5 /* memeView.app */;
			productType = "com.apple.product-type.application";
		};
/* End PBXNativeTarget section */

/* Begin PBXProject section */
		9458EC1B1EC388AE00D378F5 /* Project object */ = {
			isa = PBXProject;
			attributes = {
				LastSwiftUpdateCheck = 0820;
				LastUpgradeCheck = 0820;
				ORGANIZATIONNAME = "Divya Kabra";
				TargetAttributes = {
					9458EC221EC388AF00D378F5 = {
						CreatedOnToolsVersion = 8.2.1;
						ProvisioningStyle = Automatic;
					};
				};
			};
			buildConfigurationList = 9458EC1E1EC388AE00D378F5 /* Build configuration list for PBXProject "memeView" */;
			compatibilityVersion = "Xcode 3.2";
			developmentRegion = English;
			hasScannedForEncodings = 0;
			knownRegions = (
				en,
				Base,
			);
			mainGroup = 9458EC1A1EC388AE00D378F5;
			productRefGroup = 9458EC241EC388AF00D378F5 /* Products */;
			projectDirPath = "";
			projectRoot = "";
			targets = (
				9458EC221EC388AF00D378F5 /* memeView */,
			);
		};
/* End PBXProject section */

/* Begin PBXResourcesBuildPhase section */
		9458EC211EC388AF00D378F5 /* Resources */ = {
			isa = PBXResourcesBuildPhase;
			buildActionMask = 2147483647;
			files = (
				9458EC311EC388AF00D378F5 /* LaunchScreen.storyboard in Resources */,
				9458EC2E1EC388AF00D378F5 /* Assets.xcassets in Resources */,
				9458EC2C1EC388AF00D378F5 /* Main.storyboard in Resources */,
			);
			runOnlyForDeploymentPostprocessing = 0;
		};
/* End PBXResourcesBuildPhase section */

/* Begin PBXSourcesBuildPhase section */
		9458EC1F1EC388AF00D378F5 /* Sources */ = {
			isa = PBXSourcesBuildPhase;
			buildActionMask = 2147483647;
			files = (
				9458EC291EC388AF00D378F5 /* ViewController.swift in Sources */,
				9458EC271EC388AF00D378F5 /* AppDelegate.swift in Sources */,
			);
			runOnlyForDeploymentPostprocessing = 0;
		};
/* End PBXSourcesBuildPhase section */

/* Begin PBXVariantGroup section */
		9458EC2A1EC388AF00D378F5 /* Main.storyboard */ = {
			isa = PBXVariantGroup;
			children = (
				9458EC2B1EC388AF00D378F5 /* Base */,
			);
			name = Main.storyboard;
			sourceTree = "<group>";
		};
		9458EC2F1EC388AF00D378F5 /* LaunchScreen.storyboard */ = {
			isa = PBXVariantGroup;
			children = (
				9458EC301EC388AF00D378F5 /* Base */,
			);
			name = LaunchScreen.storyboard;
			sourceTree = "<group>";
		};
/* End PBXVariantGroup section */

/* Begin XCBuildConfiguration section */
		9458EC331EC388AF00D378F5 /* Debug */ = {
			isa = XCBuildConfiguration;
			buildSettings = {
				ALWAYS_SEARCH_USER_PATHS = NO;
				CLANG_ANALYZER_NONNULL = YES;
				CLANG_CXX_LANGUAGE_STANDARD = "gnu++0x";
				CLANG_CXX_LIBRARY = "libc++";
				CLANG_ENABLE_MODULES = YES;
				CLANG_ENABLE_OBJC_ARC = YES;
				CLANG_WARN_BOOL_CONVERSION = YES;
				CLANG_WARN_CONSTANT_CONVERSION = YES;
				CLANG_WARN_DIRECT_OBJC_ISA_USAGE = YES_ERROR;
				CLANG_WARN_DOCUMENTATION_COMMENTS = YES;
				CLANG_WARN_EMPTY_BODY = YES;
				CLANG_WARN_ENUM_CONVERSION = YES;
				CLANG_WARN_INFINITE_RECURSION = YES;
				CLANG_WARN_INT_CONVERSION = YES;
				CLANG_WARN_OBJC_ROOT_CLASS = YES_ERROR;
				CLANG_WARN_SUSPICIOUS_MOVE = YES;
				CLANG_WARN_UNREACHABLE_CODE = YES;
				CLANG_WARN__DUPLICATE_METHOD_MATCH = YES;
				"CODE_SIGN_IDENTITY[sdk=iphoneos*]" = "iPhone Developer";
				COPY_PHASE_STRIP = NO;
				DEBUG_INFORMATION_FORMAT = dwarf;
				ENABLE_STRICT_OBJC_MSGSEND = YES;
				ENABLE_TESTABILITY = YES;
				GCC_C_LANGUAGE_STANDARD = gnu99;
				GCC_DYNAMIC_NO_PIC = NO;
				GCC_NO_COMMON_BLOCKS = YES;
				GCC_OPTIMIZATION_LEVEL = 0;
				GCC_PREPROCESSOR_DEFINITIONS = (
					"DEBUG=1",
					"$(inherited)",
				);
				GCC_WARN_64_TO_32_BIT_CONVERSION = YES;
				GCC_WARN_ABOUT_RETURN_TYPE = YES_ERROR;
				GCC_WARN_UNDECLARED_SELECTOR = YES;
				GCC_WARN_UNINITIALIZED_AUTOS = YES_AGGRESSIVE;
				GCC_WARN_UNUSED_FUNCTION = YES;
				GCC_WARN_UNUSED_VARIABLE = YES;
				IPHONEOS_DEPLOYMENT_TARGET = 10.2;
				MTL_ENABLE_DEBUG_INFO = YES;
				ONLY_ACTIVE_ARCH = YES;
				SDKROOT = iphoneos;
				SWIFT_ACTIVE_COMPILATION_CONDITIONS = DEBUG;
				SWIFT_OPTIMIZATION_LEVEL = "-Onone";
				TARGETED_DEVICE_FAMILY = "1,2";
			};
			name = Debug;
		};
		9458EC341EC388AF00D378F5 /* Release */ = {
			isa = XCBuildConfiguration;
			buildSettings = {
				ALWAYS_SEARCH_USER_PATHS = NO;
				CLANG_ANALYZER_NONNULL = YES;
				CLANG_CXX_LANGUAGE_STANDARD = "gnu++0x";
				CLANG_CXX_LIBRARY = "libc++";
				CLANG_ENABLE_MODULES = YES;
				CLANG_ENABLE_OBJC_ARC = YES;
				CLANG_WARN_BOOL_CONVERSION = YES;
				CLANG_WARN_CONSTANT_CONVERSION = YES;
				CLANG_WARN_DIRECT_OBJC_ISA_USAGE = YES_ERROR;
				CLANG_WARN_DOCUMENTATION_COMMENTS = YES;
				CLANG_WARN_EMPTY_BODY = YES;
				CLANG_WARN_ENUM_CONVERSION = YES;
				CLANG_WARN_INFINITE_RECURSION = YES;
				CLANG_WARN_INT_CONVERSION = YES;
				CLANG_WARN_OBJC_ROOT_CLASS = YES_ERROR;
				CLANG_WARN_SUSPICIOUS_MOVE = YES;
				CLANG_WARN_UNREACHABLE_CODE = YES;
				CLANG_WARN__DUPLICATE_METHOD_MATCH = YES;
				"CODE_SIGN_IDENTITY[sdk=iphoneos*]" = "iPhone Developer";
				COPY_PHASE_STRIP = NO;
				DEBUG_INFORMATION_FORMAT = "dwarf-with-dsym";
				ENABLE_NS_ASSERTIONS = NO;
				ENABLE_STRICT_OBJC_MSGSEND = YES;
				GCC_C_LANGUAGE_STANDARD = gnu99;
				GCC_NO_COMMON_BLOCKS = YES;
				GCC_WARN_64_TO_32_BIT_CONVERSION = YES;
				GCC_WARN_ABOUT_RETURN_TYPE = YES_ERROR;
				GCC_WARN_UNDECLARED_SELECTOR = YES;
				GCC_WARN_UNINITIALIZED_AUTOS = YES_AGGRESSIVE;
				GCC_WARN_UNUSED_FUNCTION = YES;
				GCC_WARN_UNUSED_VARIABLE = YES;
				IPHONEOS_DEPLOYMENT_TARGET = 10.2;
				MTL_ENABLE_DEBUG_INFO = NO;
				SDKROOT = iphoneos;
				SWIFT_OPTIMIZATION_LEVEL = "-Owholemodule";
				TARGETED_DEVICE_FAMILY = "1,2";
				VALIDATE_PRODUCT = YES;
			};
			name = Release;
		};
		9458EC361EC388AF00D378F5 /* Debug */ = {
			isa = XCBuildConfiguration;
			buildSettings = {
				ASSETCATALOG_COMPILER_APPICON_NAME = AppIcon;
				INFOPLIST_FILE = memeView/Info.plist;
				LD_RUNPATH_SEARCH_PATHS = "$(inherited) @executable_path/Frameworks";
				PRODUCT_BUNDLE_IDENTIFIER = com.DivyaKabra.memeView;
				PRODUCT_NAME = "$(TARGET_NAME)";
				SWIFT_VERSION = 3.0;
			};
			name = Debug;
		};
		9458EC371EC388AF00D378F5 /* Release */ = {
			isa = XCBuildConfiguration;
			buildSettings = {
				ASSETCATALOG_COMPILER_APPICON_NAME = AppIcon;
				INFOPLIST_FILE = memeView/Info.plist;
				LD_RUNPATH_SEARCH_PATHS = "$(inherited) @executable_path/Frameworks";
				PRODUCT_BUNDLE_IDENTIFIER = com.DivyaKabra.memeView;
				PRODUCT_NAME = "$(TARGET_NAME)";
				SWIFT_VERSION = 3.0;
			};
			name = Release;
		};
/* End XCBuildConfiguration section */

/* Begin XCConfigurationList section */
		9458EC1E1EC388AE00D378F5 /* Build configuration list for PBXProject "memeView" */ = {
			isa = XCConfigurationList;
			buildConfigurations = (
				9458EC331EC388AF00D378F5 /* Debug */,
				9458EC341EC388AF00D378F5 /* Release */,
			);
			defaultConfigurationIsVisible = 0;
			defaultConfigurationName = Release;
		};
		9458EC351EC388AF00D378F5 /* Build configuration list for PBXNativeTarget "memeView" */ = {
			isa = XCConfigurationList;
			buildConfigurations = (
				9458EC361EC388AF00D378F5 /* Debug */,
				9458EC371EC388AF00D378F5 /* Release */,
			);
			defaultConfigurationIsVisible = 0;
		};
/* End XCConfigurationList section */
	};
	rootObject = 9458EC1B1EC388AE00D378F5 /* Project object */;
}
